// !$*UTF8*$!
{
	archiveVersion = 1;
	classes = {
	};
	objectVersion = 55;
	objects = {

/* Begin PBXBuildFile section */
		BA1362BF2851156D00889C3A /* WebViewController.swift in Sources */ = {isa = PBXBuildFile; fileRef = BA1362BE2851156D00889C3A /* WebViewController.swift */; };
		BA95A6CF285163670009532A /* RealmSwift in Frameworks */ = {isa = PBXBuildFile; productRef = BA95A6CE285163670009532A /* RealmSwift */; };
		BA95A6D9285254EF0009532A /* ArticleRepository.swift in Sources */ = {isa = PBXBuildFile; fileRef = BA95A6D8285254EF0009532A /* ArticleRepository.swift */; };
		BA95A6DB285257AE0009532A /* FavotiesViewController.swift in Sources */ = {isa = PBXBuildFile; fileRef = BA95A6DA285257AE0009532A /* FavotiesViewController.swift */; };
		BA95A6DD285276800009532A /* FiltersViewController.swift in Sources */ = {isa = PBXBuildFile; fileRef = BA95A6DC285276800009532A /* FiltersViewController.swift */; };
		BABA20582850CBF30045CB94 /* AppDelegate.swift in Sources */ = {isa = PBXBuildFile; fileRef = BABA20572850CBF30045CB94 /* AppDelegate.swift */; };
		BABA205A2850CBF30045CB94 /* SceneDelegate.swift in Sources */ = {isa = PBXBuildFile; fileRef = BABA20592850CBF30045CB94 /* SceneDelegate.swift */; };
		BABA205F2850CBF30045CB94 /* Main.storyboard in Resources */ = {isa = PBXBuildFile; fileRef = BABA205D2850CBF30045CB94 /* Main.storyboard */; };
		BABA20612850CBF60045CB94 /* Assets.xcassets in Resources */ = {isa = PBXBuildFile; fileRef = BABA20602850CBF60045CB94 /* Assets.xcassets */; };
		BABA20642850CBF60045CB94 /* LaunchScreen.storyboard in Resources */ = {isa = PBXBuildFile; fileRef = BABA20622850CBF60045CB94 /* LaunchScreen.storyboard */; };
		BABA20702850D2830045CB94 /* FeedViewController.swift in Sources */ = {isa = PBXBuildFile; fileRef = BABA206F2850D2830045CB94 /* FeedViewController.swift */; };
		BABA20732850D5770045CB94 /* Response.swift in Sources */ = {isa = PBXBuildFile; fileRef = BABA20722850D5770045CB94 /* Response.swift */; };
		BABA20762850D82A0045CB94 /* Article.swift in Sources */ = {isa = PBXBuildFile; fileRef = BABA20752850D82A0045CB94 /* Article.swift */; };
		BABA20782850D8700045CB94 /* NewsApi.swift in Sources */ = {isa = PBXBuildFile; fileRef = BABA20772850D8700045CB94 /* NewsApi.swift */; };
		BABA207A2850E88A0045CB94 /* articles.json in Resources */ = {isa = PBXBuildFile; fileRef = BABA20792850E88A0045CB94 /* articles.json */; };
		BABA207E2850EB7F0045CB94 /* ArticleTableViewCell.swift in Sources */ = {isa = PBXBuildFile; fileRef = BABA207C2850EB7F0045CB94 /* ArticleTableViewCell.swift */; };
		BABA207F2850EB7F0045CB94 /* ArticleTableViewCell.xib in Resources */ = {isa = PBXBuildFile; fileRef = BABA207D2850EB7F0045CB94 /* ArticleTableViewCell.xib */; };
/* End PBXBuildFile section */

/* Begin PBXFileReference section */
		BA1362BE2851156D00889C3A /* WebViewController.swift */ = {isa = PBXFileReference; lastKnownFileType = sourcecode.swift; path = WebViewController.swift; sourceTree = "<group>"; };
		BA95A6D8285254EF0009532A /* ArticleRepository.swift */ = {isa = PBXFileReference; lastKnownFileType = sourcecode.swift; path = ArticleRepository.swift; sourceTree = "<group>"; };
		BA95A6DA285257AE0009532A /* FavotiesViewController.swift */ = {isa = PBXFileReference; lastKnownFileType = sourcecode.swift; path = FavotiesViewController.swift; sourceTree = "<group>"; };
		BA95A6DC285276800009532A /* FiltersViewController.swift */ = {isa = PBXFileReference; lastKnownFileType = sourcecode.swift; path = FiltersViewController.swift; sourceTree = "<group>"; };
		BABA20542850CBF30045CB94 /* News.app */ = {isa = PBXFileReference; explicitFileType = wrapper.application; includeInIndex = 0; path = News.app; sourceTree = BUILT_PRODUCTS_DIR; };
		BABA20572850CBF30045CB94 /* AppDelegate.swift */ = {isa = PBXFileReference; lastKnownFileType = sourcecode.swift; path = AppDelegate.swift; sourceTree = "<group>"; };
		BABA20592850CBF30045CB94 /* SceneDelegate.swift */ = {isa = PBXFileReference; lastKnownFileType = sourcecode.swift; path = SceneDelegate.swift; sourceTree = "<group>"; };
		BABA205E2850CBF30045CB94 /* Base */ = {isa = PBXFileReference; lastKnownFileType = file.storyboard; name = Base; path = Base.lproj/Main.storyboard; sourceTree = "<group>"; };
		BABA20602850CBF60045CB94 /* Assets.xcassets */ = {isa = PBXFileReference; lastKnownFileType = folder.assetcatalog; path = Assets.xcassets; sourceTree = "<group>"; };
		BABA20632850CBF60045CB94 /* Base */ = {isa = PBXFileReference; lastKnownFileType = file.storyboard; name = Base; path = Base.lproj/LaunchScreen.storyboard; sourceTree = "<group>"; };
		BABA20652850CBF60045CB94 /* Info.plist */ = {isa = PBXFileReference; lastKnownFileType = text.plist.xml; path = Info.plist; sourceTree = "<group>"; };
		BABA206F2850D2830045CB94 /* FeedViewController.swift */ = {isa = PBXFileReference; lastKnownFileType = sourcecode.swift; path = FeedViewController.swift; sourceTree = "<group>"; };
		BABA20722850D5770045CB94 /* Response.swift */ = {isa = PBXFileReference; lastKnownFileType = sourcecode.swift; path = Response.swift; sourceTree = "<group>"; };
		BABA20752850D82A0045CB94 /* Article.swift */ = {isa = PBXFileReference; lastKnownFileType = sourcecode.swift; path = Article.swift; sourceTree = "<group>"; };
		BABA20772850D8700045CB94 /* NewsApi.swift */ = {isa = PBXFileReference; lastKnownFileType = sourcecode.swift; path = NewsApi.swift; sourceTree = "<group>"; };
		BABA20792850E88A0045CB94 /* articles.json */ = {isa = PBXFileReference; lastKnownFileType = text.json; path = articles.json; sourceTree = "<group>"; };
		BABA207C2850EB7F0045CB94 /* ArticleTableViewCell.swift */ = {isa = PBXFileReference; lastKnownFileType = sourcecode.swift; path = ArticleTableViewCell.swift; sourceTree = "<group>"; };
		BABA207D2850EB7F0045CB94 /* ArticleTableViewCell.xib */ = {isa = PBXFileReference; lastKnownFileType = file.xib; path = ArticleTableViewCell.xib; sourceTree = "<group>"; };
/* End PBXFileReference section */

/* Begin PBXFrameworksBuildPhase section */
		BABA20512850CBF30045CB94 /* Frameworks */ = {
			isa = PBXFrameworksBuildPhase;
			buildActionMask = 2147483647;
			files = (
				BA95A6CF285163670009532A /* RealmSwift in Frameworks */,
			);
			runOnlyForDeploymentPostprocessing = 0;
		};
/* End PBXFrameworksBuildPhase section */

/* Begin PBXGroup section */
		BABA204B2850CBF30045CB94 = {
			isa = PBXGroup;
			children = (
				BABA20562850CBF30045CB94 /* News */,
				BABA20552850CBF30045CB94 /* Products */,
			);
			sourceTree = "<group>";
		};
		BABA20552850CBF30045CB94 /* Products */ = {
			isa = PBXGroup;
			children = (
				BABA20542850CBF30045CB94 /* News.app */,
			);
			name = Products;
			sourceTree = "<group>";
		};
		BABA20562850CBF30045CB94 /* News */ = {
			isa = PBXGroup;
			children = (
				BABA207B2850EB620045CB94 /* Views */,
				BABA20742850D7D20045CB94 /* Services */,
				BABA20712850D54A0045CB94 /* Models */,
				BABA206E2850D2520045CB94 /* Controllers */,
				BABA20572850CBF30045CB94 /* AppDelegate.swift */,
				BABA20592850CBF30045CB94 /* SceneDelegate.swift */,
				BABA205D2850CBF30045CB94 /* Main.storyboard */,
				BABA20602850CBF60045CB94 /* Assets.xcassets */,
				BABA20622850CBF60045CB94 /* LaunchScreen.storyboard */,
				BABA20652850CBF60045CB94 /* Info.plist */,
				BABA20792850E88A0045CB94 /* articles.json */,
			);
			path = News;
			sourceTree = "<group>";
		};
		BABA206E2850D2520045CB94 /* Controllers */ = {
			isa = PBXGroup;
			children = (
				BABA206F2850D2830045CB94 /* FeedViewController.swift */,
				BA1362BE2851156D00889C3A /* WebViewController.swift */,
				BA95A6DA285257AE0009532A /* FavotiesViewController.swift */,
				BA95A6DC285276800009532A /* FiltersViewController.swift */,
			);
			path = Controllers;
			sourceTree = "<group>";
		};
		BABA20712850D54A0045CB94 /* Models */ = {
			isa = PBXGroup;
			children = (
				BABA20722850D5770045CB94 /* Response.swift */,
				BABA20752850D82A0045CB94 /* Article.swift */,
			);
			path = Models;
			sourceTree = "<group>";
		};
		BABA20742850D7D20045CB94 /* Services */ = {
			isa = PBXGroup;
			children = (
				BABA20772850D8700045CB94 /* NewsApi.swift */,
				BA95A6D8285254EF0009532A /* ArticleRepository.swift */,
			);
			path = Services;
			sourceTree = "<group>";
		};
		BABA207B2850EB620045CB94 /* Views */ = {
			isa = PBXGroup;
			children = (
				BABA207C2850EB7F0045CB94 /* ArticleTableViewCell.swift */,
				BABA207D2850EB7F0045CB94 /* ArticleTableViewCell.xib */,
			);
			path = Views;
			sourceTree = "<group>";
		};
/* End PBXGroup section */

/* Begin PBXNativeTarget section */
		BABA20532850CBF30045CB94 /* News */ = {
			isa = PBXNativeTarget;
			buildConfigurationList = BABA20682850CBF60045CB94 /* Build configuration list for PBXNativeTarget "News" */;
			buildPhases = (
				BABA20502850CBF30045CB94 /* Sources */,
				BABA20512850CBF30045CB94 /* Frameworks */,
				BABA20522850CBF30045CB94 /* Resources */,
			);
			buildRules = (
			);
			dependencies = (
			);
			name = News;
			packageProductDependencies = (
				BA95A6CE285163670009532A /* RealmSwift */,
			);
			productName = News;
			productReference = BABA20542850CBF30045CB94 /* News.app */;
			productType = "com.apple.product-type.application";
		};
/* End PBXNativeTarget section */

/* Begin PBXProject section */
		BABA204C2850CBF30045CB94 /* Project object */ = {
			isa = PBXProject;
			attributes = {
				BuildIndependentTargetsInParallel = 1;
				LastSwiftUpdateCheck = 1330;
				LastUpgradeCheck = 1330;
				TargetAttributes = {
					BABA20532850CBF30045CB94 = {
						CreatedOnToolsVersion = 13.3.1;
					};
				};
			};
			buildConfigurationList = BABA204F2850CBF30045CB94 /* Build configuration list for PBXProject "News" */;
			compatibilityVersion = "Xcode 13.0";
			developmentRegion = en;
			hasScannedForEncodings = 0;
			knownRegions = (
				en,
				Base,
			);
			mainGroup = BABA204B2850CBF30045CB94;
			packageReferences = (
				BA95A6CD285163670009532A /* XCRemoteSwiftPackageReference "realm-swift" */,
			);
			productRefGroup = BABA20552850CBF30045CB94 /* Products */;
			projectDirPath = "";
			projectRoot = "";
			targets = (
				BABA20532850CBF30045CB94 /* News */,
			);
		};
/* End PBXProject section */

/* Begin PBXResourcesBuildPhase section */
		BABA20522850CBF30045CB94 /* Resources */ = {
			isa = PBXResourcesBuildPhase;
			buildActionMask = 2147483647;
			files = (
				BABA207F2850EB7F0045CB94 /* ArticleTableViewCell.xib in Resources */,
				BABA20642850CBF60045CB94 /* LaunchScreen.storyboard in Resources */,
				BABA20612850CBF60045CB94 /* Assets.xcassets in Resources */,
				BABA207A2850E88A0045CB94 /* articles.json in Resources */,
				BABA205F2850CBF30045CB94 /* Main.storyboard in Resources */,
			);
			runOnlyForDeploymentPostprocessing = 0;
		};
/* End PBXResourcesBuildPhase section */

/* Begin PBXSourcesBuildPhase section */
		BABA20502850CBF30045CB94 /* Sources */ = {
			isa = PBXSourcesBuildPhase;
			buildActionMask = 2147483647;
			files = (
				BABA20732850D5770045CB94 /* Response.swift in Sources */,
				BABA20782850D8700045CB94 /* NewsApi.swift in Sources */,
				BABA20582850CBF30045CB94 /* AppDelegate.swift in Sources */,
				BABA20702850D2830045CB94 /* FeedViewController.swift in Sources */,
				BABA205A2850CBF30045CB94 /* SceneDelegate.swift in Sources */,
				BABA207E2850EB7F0045CB94 /* ArticleTableViewCell.swift in Sources */,
				BABA20762850D82A0045CB94 /* Article.swift in Sources */,
				BA95A6DB285257AE0009532A /* FavotiesViewController.swift in Sources */,
				BA95A6D9285254EF0009532A /* ArticleRepository.swift in Sources */,
				BA95A6DD285276800009532A /* FiltersViewController.swift in Sources */,
				BA1362BF2851156D00889C3A /* WebViewController.swift in Sources */,
			);
			runOnlyForDeploymentPostprocessing = 0;
		};
/* End PBXSourcesBuildPhase section */

/* Begin PBXVariantGroup section */
		BABA205D2850CBF30045CB94 /* Main.storyboard */ = {
			isa = PBXVariantGroup;
			children = (
				BABA205E2850CBF30045CB94 /* Base */,
			);
			name = Main.storyboard;
			sourceTree = "<group>";
		};
		BABA20622850CBF60045CB94 /* LaunchScreen.storyboard */ = {
			isa = PBXVariantGroup;
			children = (
				BABA20632850CBF60045CB94 /* Base */,
			);
			name = LaunchScreen.storyboard;
			sourceTree = "<group>";
		};
/* End PBXVariantGroup section */

/* Begin XCBuildConfiguration section */
		BABA20662850CBF60045CB94 /* Debug */ = {
			isa = XCBuildConfiguration;
			buildSettings = {
				ALWAYS_SEARCH_USER_PATHS = NO;
				CLANG_ANALYZER_NONNULL = YES;
				CLANG_ANALYZER_NUMBER_OBJECT_CONVERSION = YES_AGGRESSIVE;
				CLANG_CXX_LANGUAGE_STANDARD = "gnu++17";
				CLANG_ENABLE_MODULES = YES;
				CLANG_ENABLE_OBJC_ARC = YES;
				CLANG_ENABLE_OBJC_WEAK = YES;
				CLANG_WARN_BLOCK_CAPTURE_AUTORELEASING = YES;
				CLANG_WARN_BOOL_CONVERSION = YES;
				CLANG_WARN_COMMA = YES;
				CLANG_WARN_CONSTANT_CONVERSION = YES;
				CLANG_WARN_DEPRECATED_OBJC_IMPLEMENTATIONS = YES;
				CLANG_WARN_DIRECT_OBJC_ISA_USAGE = YES_ERROR;
				CLANG_WARN_DOCUMENTATION_COMMENTS = YES;
				CLANG_WARN_EMPTY_BODY = YES;
				CLANG_WARN_ENUM_CONVERSION = YES;
				CLANG_WARN_INFINITE_RECURSION = YES;
				CLANG_WARN_INT_CONVERSION = YES;
				CLANG_WARN_NON_LITERAL_NULL_CONVERSION = YES;
				CLANG_WARN_OBJC_IMPLICIT_RETAIN_SELF = YES;
				CLANG_WARN_OBJC_LITERAL_CONVERSION = YES;
				CLANG_WARN_OBJC_ROOT_CLASS = YES_ERROR;
				CLANG_WARN_QUOTED_INCLUDE_IN_FRAMEWORK_HEADER = YES;
				CLANG_WARN_RANGE_LOOP_ANALYSIS = YES;
				CLANG_WARN_STRICT_PROTOTYPES = YES;
				CLANG_WARN_SUSPICIOUS_MOVE = YES;
				CLANG_WARN_UNGUARDED_AVAILABILITY = YES_AGGRESSIVE;
				CLANG_WARN_UNREACHABLE_CODE = YES;
				CLANG_WARN__DUPLICATE_METHOD_MATCH = YES;
				COPY_PHASE_STRIP = NO;
				DEBUG_INFORMATION_FORMAT = dwarf;
				ENABLE_STRICT_OBJC_MSGSEND = YES;
				ENABLE_TESTABILITY = YES;
				GCC_C_LANGUAGE_STANDARD = gnu11;
				GCC_DYNAMIC_NO_PIC = NO;
				GCC_NO_COMMON_BLOCKS = YES;
				GCC_OPTIMIZATION_LEVEL = 0;
				GCC_PREPROCESSOR_DEFINITIONS = (
					"DEBUG=1",
					"$(inherited)",
				);
				GCC_WARN_64_TO_32_BIT_CONVERSION = YES;
				GCC_WARN_ABOUT_RETURN_TYPE = YES_ERROR;
				GCC_WARN_UNDECLARED_SELECTOR = YES;
				GCC_WARN_UNINITIALIZED_AUTOS = YES_AGGRESSIVE;
				GCC_WARN_UNUSED_FUNCTION = YES;
				GCC_WARN_UNUSED_VARIABLE = YES;
				IPHONEOS_DEPLOYMENT_TARGET = 15.4;
				MTL_ENABLE_DEBUG_INFO = INCLUDE_SOURCE;
				MTL_FAST_MATH = YES;
				ONLY_ACTIVE_ARCH = YES;
				SDKROOT = iphoneos;
				SWIFT_ACTIVE_COMPILATION_CONDITIONS = DEBUG;
				SWIFT_OPTIMIZATION_LEVEL = "-Onone";
			};
			name = Debug;
		};
		BABA20672850CBF60045CB94 /* Release */ = {
			isa = XCBuildConfiguration;
			buildSettings = {
				ALWAYS_SEARCH_USER_PATHS = NO;
				CLANG_ANALYZER_NONNULL = YES;
				CLANG_ANALYZER_NUMBER_OBJECT_CONVERSION = YES_AGGRESSIVE;
				CLANG_CXX_LANGUAGE_STANDARD = "gnu++17";
				CLANG_ENABLE_MODULES = YES;
				CLANG_ENABLE_OBJC_ARC = YES;
				CLANG_ENABLE_OBJC_WEAK = YES;
				CLANG_WARN_BLOCK_CAPTURE_AUTORELEASING = YES;
				CLANG_WARN_BOOL_CONVERSION = YES;
				CLANG_WARN_COMMA = YES;
				CLANG_WARN_CONSTANT_CONVERSION = YES;
				CLANG_WARN_DEPRECATED_OBJC_IMPLEMENTATIONS = YES;
				CLANG_WARN_DIRECT_OBJC_ISA_USAGE = YES_ERROR;
				CLANG_WARN_DOCUMENTATION_COMMENTS = YES;
				CLANG_WARN_EMPTY_BODY = YES;
				CLANG_WARN_ENUM_CONVERSION = YES;
				CLANG_WARN_INFINITE_RECURSION = YES;
				CLANG_WARN_INT_CONVERSION = YES;
				CLANG_WARN_NON_LITERAL_NULL_CONVERSION = YES;
				CLANG_WARN_OBJC_IMPLICIT_RETAIN_SELF = YES;
				CLANG_WARN_OBJC_LITERAL_CONVERSION = YES;
				CLANG_WARN_OBJC_ROOT_CLASS = YES_ERROR;
				CLANG_WARN_QUOTED_INCLUDE_IN_FRAMEWORK_HEADER = YES;
				CLANG_WARN_RANGE_LOOP_ANALYSIS = YES;
				CLANG_WARN_STRICT_PROTOTYPES = YES;
				CLANG_WARN_SUSPICIOUS_MOVE = YES;
				CLANG_WARN_UNGUARDED_AVAILABILITY = YES_AGGRESSIVE;
				CLANG_WARN_UNREACHABLE_CODE = YES;
				CLANG_WARN__DUPLICATE_METHOD_MATCH = YES;
				COPY_PHASE_STRIP = NO;
				DEBUG_INFORMATION_FORMAT = "dwarf-with-dsym";
				ENABLE_NS_ASSERTIONS = NO;
				ENABLE_STRICT_OBJC_MSGSEND = YES;
				GCC_C_LANGUAGE_STANDARD = gnu11;
				GCC_NO_COMMON_BLOCKS = YES;
				GCC_WARN_64_TO_32_BIT_CONVERSION = YES;
				GCC_WARN_ABOUT_RETURN_TYPE = YES_ERROR;
				GCC_WARN_UNDECLARED_SELECTOR = YES;
				GCC_WARN_UNINITIALIZED_AUTOS = YES_AGGRESSIVE;
				GCC_WARN_UNUSED_FUNCTION = YES;
				GCC_WARN_UNUSED_VARIABLE = YES;
				IPHONEOS_DEPLOYMENT_TARGET = 15.4;
				MTL_ENABLE_DEBUG_INFO = NO;
				MTL_FAST_MATH = YES;
				SDKROOT = iphoneos;
				SWIFT_COMPILATION_MODE = wholemodule;
				SWIFT_OPTIMIZATION_LEVEL = "-O";
				VALIDATE_PRODUCT = YES;
			};
			name = Release;
		};
		BABA20692850CBF60045CB94 /* Debug */ = {
			isa = XCBuildConfiguration;
			buildSettings = {
				ASSETCATALOG_COMPILER_APPICON_NAME = AppIcon;
				ASSETCATALOG_COMPILER_GLOBAL_ACCENT_COLOR_NAME = AccentColor;
				CODE_SIGN_STYLE = Automatic;
				CURRENT_PROJECT_VERSION = 1;
				DEVELOPMENT_TEAM = 5L3P894NU4;
				GENERATE_INFOPLIST_FILE = YES;
				INFOPLIST_FILE = News/Info.plist;
				INFOPLIST_KEY_UIApplicationSupportsIndirectInputEvents = YES;
				INFOPLIST_KEY_UILaunchStoryboardName = LaunchScreen;
				INFOPLIST_KEY_UIMainStoryboardFile = Main;
				INFOPLIST_KEY_UISupportedInterfaceOrientations = UIInterfaceOrientationPortrait;
				INFOPLIST_KEY_UISupportedInterfaceOrientations_iPad = "UIInterfaceOrientationPortrait UIInterfaceOrientationPortraitUpsideDown UIInterfaceOrientationLandscapeLeft UIInterfaceOrientationLandscapeRight";
				INFOPLIST_KEY_UISupportedInterfaceOrientations_iPhone = "UIInterfaceOrientationPortrait UIInterfaceOrientationLandscapeLeft UIInterfaceOrientationLandscapeRight";
				IPHONEOS_DEPLOYMENT_TARGET = 13.0;
				LD_RUNPATH_SEARCH_PATHS = (
					"$(inherited)",
					"@executable_path/Frameworks",
				);
				MARKETING_VERSION = 1.0;
				PRODUCT_BUNDLE_IDENTIFIER = com.triplek.News;
				PRODUCT_NAME = "$(TARGET_NAME)";
				SWIFT_EMIT_LOC_STRINGS = YES;
				SWIFT_VERSION = 5.0;
				TARGETED_DEVICE_FAMILY = 1;
			};
			name = Debug;
		};
		BABA206A2850CBF60045CB94 /* Release */ = {
			isa = XCBuildConfiguration;
			buildSettings = {
				ASSETCATALOG_COMPILER_APPICON_NAME = AppIcon;
				ASSETCATALOG_COMPILER_GLOBAL_ACCENT_COLOR_NAME = AccentColor;
				CODE_SIGN_STYLE = Automatic;
				CURRENT_PROJECT_VERSION = 1;
				DEVELOPMENT_TEAM = 5L3P894NU4;
				GENERATE_INFOPLIST_FILE = YES;
				INFOPLIST_FILE = News/Info.plist;
				INFOPLIST_KEY_UIApplicationSupportsIndirectInputEvents = YES;
				INFOPLIST_KEY_UILaunchStoryboardName = LaunchScreen;
				INFOPLIST_KEY_UIMainStoryboardFile = Main;
				INFOPLIST_KEY_UISupportedInterfaceOrientations = UIInterfaceOrientationPortrait;
				INFOPLIST_KEY_UISupportedInterfaceOrientations_iPad = "UIInterfaceOrientationPortrait UIInterfaceOrientationPortraitUpsideDown UIInterfaceOrientationLandscapeLeft UIInterfaceOrientationLandscapeRight";
				INFOPLIST_KEY_UISupportedInterfaceOrientations_iPhone = "UIInterfaceOrientationPortrait UIInterfaceOrientationLandscapeLeft UIInterfaceOrientationLandscapeRight";
				IPHONEOS_DEPLOYMENT_TARGET = 13.0;
				LD_RUNPATH_SEARCH_PATHS = (
					"$(inherited)",
					"@executable_path/Frameworks",
				);
				MARKETING_VERSION = 1.0;
				PRODUCT_BUNDLE_IDENTIFIER = com.triplek.News;
				PRODUCT_NAME = "$(TARGET_NAME)";
				SWIFT_EMIT_LOC_STRINGS = YES;
				SWIFT_VERSION = 5.0;
				TARGETED_DEVICE_FAMILY = 1;
			};
			name = Release;
		};
/* End XCBuildConfiguration section */

/* Begin XCConfigurationList section */
		BABA204F2850CBF30045CB94 /* Build configuration list for PBXProject "News" */ = {
			isa = XCConfigurationList;
			buildConfigurations = (
				BABA20662850CBF60045CB94 /* Debug */,
				BABA20672850CBF60045CB94 /* Release */,
			);
			defaultConfigurationIsVisible = 0;
			defaultConfigurationName = Release;
		};
		BABA20682850CBF60045CB94 /* Build configuration list for PBXNativeTarget "News" */ = {
			isa = XCConfigurationList;
			buildConfigurations = (
				BABA20692850CBF60045CB94 /* Debug */,
				BABA206A2850CBF60045CB94 /* Release */,
			);
			defaultConfigurationIsVisible = 0;
			defaultConfigurationName = Release;
		};
/* End XCConfigurationList section */

/* Begin XCRemoteSwiftPackageReference section */
		BA95A6CD285163670009532A /* XCRemoteSwiftPackageReference "realm-swift" */ = {
			isa = XCRemoteSwiftPackageReference;
			repositoryURL = "https://github.com/realm/realm-swift.git";
			requirement = {
				kind = exactVersion;
				version = 10.19.0;
			};
		};
/* End XCRemoteSwiftPackageReference section */

/* Begin XCSwiftPackageProductDependency section */
		BA95A6CE285163670009532A /* RealmSwift */ = {
			isa = XCSwiftPackageProductDependency;
			package = BA95A6CD285163670009532A /* XCRemoteSwiftPackageReference "realm-swift" */;
			productName = RealmSwift;
		};
/* End XCSwiftPackageProductDependency section */
	};
	rootObject = BABA204C2850CBF30045CB94 /* Project object */;
}
